# version: 2.0.0

# This intro is still a test

[00:00:00 000]
	level.topleft = (100,500)									# position the scene in a place
	max = level['Max']
	john = level['John']
	jack = level['Jack']
	roger = level['Roger']
	hero.position = (400,1700)
	max.x = 400
	max.y = 1600
	john.x = 300
	john.y = 570
	jack.x = 350
	jack.y = 520
	roger.x = 400
	roger.y = 570

[00:00:00 001]
	level.levelTextIntro({'text':'CHEESE BOYS', 'color': (150,255,150)}, colophon_flag=True)
	level.levelTextIntro("When: In the year of the Cheese Boys 12")
	level.levelTextIntro("Where: The South Bridge, Codigoro")
	level.levelTextIntro("...know all over the Earth to be the Cheese Boys main domain, where the Cheese Wars begin and spread through the planet...")
	level.levelTextIntro("")
	level.levelTextIntro({'text':'...BY THE WAY...', 'color': (150,255,150)})
	level.levelTextIntro("This is only a demo presentation to show you all what Cheese Boys can be.")
	level.levelTextIntro("I don't think this will be there in the final game!")

[00:00:03 000]
	level.screenReferenceSprite = max

[+00:00:01 000]
	max.moveBasedOnNavPoint(time_passed, (345, 640))

[+00:00:01 700]
	max.navPoint.reroute()									# out of the screen the pathfinding is now working

[+00:00:02 000]
	max.say("It's raining men...")

[+00:00:03 000]
	max.say("...Hallelujah it's raining men...")

[+00:00:05 000]
	level.screenReferenceSprite = jack
	max.faceTo(cblocals.DIRECTION_N)
	max.say("Hi all guys!")

[+00:00:05 000]
	max.say("...guys?")

[+00:00:04 000]
	max.say("... ahem... Something's wrong?!")

[+00:00:04 000]
	roger.say("Something's wrong?! You don't know what is happening?!")

[+00:00:07 000]
	max.say("... no... some unexpected party tonight?")

[+00:00:07 000]
	john.say("Ok... let's say it the better way I can...")

[+00:00:05 000]
	john.say("...we will be killed shortly.")

[+00:00:06 000]
	max.shout("Killed?!?!?!")

[+00:00:04 000]
	max.say("... who? Who wanna kill you?!?")

[+00:00:05 000]
	roger.say("No my dear... he's meaning that someone is coming to kill US ALL!")

[+00:00:04 000]
	roger.say("...we...")

[+00:00:03 000]
	roger.shout("... and you!")

[+00:00:05 000]
	max.shout("What?!?!?!?")

[+00:00:03 000]
	max.say("What the hell mean this? Who in the world wanna kill you... US all?!")

[+00:00:06 000]
	max.shutup()
	john.say("Are you one of us or not?! We are the bad guys here!", additional_time=2)

[+00:00:04 000]
	john.say("A Hero is coming! The Hero from Veneto!")

[+00:00:06 000]
	max.shout("A hero? From Veneto?!?! Here?!?!?")

[+00:00:05 000]
	max.faceTo(cblocals.DIRECTION_S)

[+00:00:02 000]
	max.moveBasedOnNavPoint(time_passed, (5, 30), relative=True)

[+00:00:02 000]
	max.say("I can't believe this...")

[+00:00:04 000]
	max.say("My girlfirend said me \"move to Codigoro, it's safe!\"")

[+00:00:05 000]
	max.say("\"The capital of the Cheese Empire... no enemy there. No war!\"", silenceFirst=True)

[+00:00:05 000]
	max.say("\"Yes, Ferrara is bigger (and has some commercial centers too) but it's too near to the frontier with Veneto...\"", silenceFirst=True)

[+00:00:07 000]
	max.moveBasedOnNavPoint(time_passed, (0, 20), relative=True)
	max.shout("And now a real Hero is coming?!?!", silenceFirst=True)

[+00:00:05 000]
	max.moveBasedOnNavPoint(time_passed, (50, 0), relative=True)
	max.say("I'm going to be slayed in combat...")

[+00:00:04 000]
	max.moveBasedOnNavPoint(time_passed, (-70, 0), relative=True)
	max.say("...from someone that don't drink apricot juice!")

[+00:00:05 000]
	max.moveBasedOnNavPoint(time_passed, (20, 0), relative=True)
	max.shout("...is this the dark doom of a videogame character?!", silenceFirst=True)

[+00:00:05 000]
	max.shout("Wait!!!", silenceFirst=True)
	max.moveBasedOnNavPoint(time_passed, (0, -55), relative=True)

[+00:00:04 000]
	max.say("This isn't possible!")

[+00:00:04 000]
	roger.say("What you mean?")

[+00:00:04 000]
	max.say("I know an old character from the 0.0.2 release of the game!")

[+00:00:04 000]
	max.say("He tell me something about the screenplay!")

[+00:00:04 000]
	max.say("The first presentation will be run in a level called \"The Last Bridge\"!")
	max.say("And we are in \"The South Bridge\" now!")
	max.say("So is impossible that the hero is really coming here!")

[+00:00:20 000]
	john.say("Yes...")
	john.say("But the production of this game is late, so someone decided to release the 0.1.0 version like a sort of...")
	john.say("...playable game demo!")

[+00:00:18 000]
	max.say("What?!?!")

[+00:00:03 000]
	jack.say("It's true... those stupid game programmers...")
	roger.faceTo(cblocals.DIRECTION_W)

[+00:00:04 000]
	jack.shutup()
	roger.say("...ehr...")
	roger.say("I don't think this is a good idea...")

[+00:00:07 000]
	jack.say("What idea?!")

[+00:00:03 000]
	roger.say("Say bad thing about our programmer...")

[+00:00:04 000]
	jack.say("Bah... it's only a silly boy with a limited social activity that...")

[+00:00:04 000]
	jack.shutup()
	jack.hitPointsLeft = int(jack.hitPointsLeft*.3)
	level.addAnimation( level.midbottom, "thunders" )
	level.addAnimation( jack.position, "lighting", groups=['top_animations',] )
	level.addAnimation( jack.position, "dark-largestain" )
	john.faceTo(cblocals.DIRECTION_E)

[+00:00:06 000]
	roger.say("...are you...")
	roger.say("...ok?")

[+00:00:04 000]
	jack.say("I...")
	jack.say("I'm...")
	jack.say("... is this? Is this the World Cup final?")

[+00:00:09 000]
	roger.say("World cup?")

[+00:00:05 000]
	jack.say("Isn't this \"Sensible Soccer\" game?")

[+00:00:07 000]
	john.say("Ok... I think we can leave him alone for a while...")

[+00:00:05 000]
	roger.say("Yeah...")

[+00:00:03 000]
	roger.moveBasedOnNavPoint(time_passed, (0, 300), relative=True)
	john.moveBasedOnNavPoint(time_passed, (0, 300), relative=True)
	max.moveBasedOnNavPoint(time_passed, (0, 300), relative=True)
	level.screenReferenceSprite = roger

[+00:00:05 000]
	roger.faceTo(cblocals.DIRECTION_W)
	john.faceTo(cblocals.DIRECTION_E)
	max.faceTo(cblocals.DIRECTION_N)

[+00:00:04 000]
	max.say("So... can we fight togheter and beat this Hero?")

[+00:00:07 000]
	roger.say("Of course we will fight him, but...")

[+00:00:05 000]
	max.say("...but...?")

[+00:00:05 000]
	roger.say("But this is the first level... we are expected to be the most dumb and weak enemies that He will meet...")

[+00:00:11 000]
	roger.faceTo(cblocals.DIRECTION_S)
	john.faceTo(cblocals.DIRECTION_S)
	max.moveBasedOnNavPoint(time_passed, (0, 70), relative=True)
	max.say("So... this is the end", additional_time=1)
	max.say("I'll going back to my game start position", additional_time=2)
	max.say("I will be the first enemy that He will face...", additional_time=2)
	max.say("I will be the the first one defeated...", additional_time=2)	
	max.say("But I will do my duty...", additional_time=1)

[+00:00:30 000]
	max.shout("...in the name of the Cheese Boys, our Dark Lords!!!!")
	level.addAnimation( level.midbottom, "thunders" )

[+00:00:07 000]
	john.say("Are you sure?")

[+00:00:03 000]
	max.say("Yes... only let me go... alone.")

[+00:00:04 000]
	max.say("Goodbye my friends... we will meet again in the aftercheeselife...")

[+00:00:06 000]
	max.moveBasedOnNavPoint(time_passed, (450, 1450))

[+00:00:07 000]
	john.moveBasedOnNavPoint(time_passed, (0, -300), relative=True)
	roger.moveBasedOnNavPoint(time_passed, (0, -300), relative=True)

[+00:00:04 000]
	roger.faceTo(cblocals.DIRECTION_S)
	john.faceTo(cblocals.DIRECTION_S)

[+00:00:04 000]
	john.say("I can't believe this guy was so brave...")

[+00:00:05 000]
	roger.say("Yes... we are doomed, but if all brothers here will sacrifice as he's going to do...")
	roger.say("Veneto and its people will loose the war")

[+00:00:15 000]
	jack.say("... yes...")
	jack.say("Yes... we can always try to win the next league...")

[+00:00:08 000]
	roger.faceTo(cblocals.DIRECTION_W)
	john.faceTo(cblocals.DIRECTION_E)

[+00:00:03 000]
	roger.faceTo(cblocals.DIRECTION_S)
	john.faceTo(cblocals.DIRECTION_S)

[+00:00:03 000]
	level.screenReferenceSprite = max

[+00:00:06 000]
	max.faceTo(cblocals.DIRECTION_N)
	max.say("I can't believe they are so stupid!")

[+00:00:05 000]
	hero.moveBasedOnNavPoint(time_passed, (350, 1450))
	max.shout("AHAHAHAHAH!!!!")

[+00:00:03 000]
	hero.faceTo(cblocals.DIRECTION_E)

[+00:00:02 000]
	hero.say("Excuse me...")
	max.faceTo(cblocals.DIRECTION_W)

[+00:00:04 000]
	max.shout("Yes!!!")
	max.say("Erh... yes...")
	max.say("How... how can I help you?")

[+00:00:08 000]
	hero.say("Is this place Codigoro? The capital of the Empire?")

[+00:00:06 000]
	max.shout("Yes!!!")
	max.say("Erh... yes...")
	max.say("Yes... a friend of mine told me that is this...")

[+00:00:10 000]
	hero.say("Ok... thanks you!")

[+00:00:03 000]
	hero.moveBasedOnNavPoint(time_passed, (50, -200), relative=True)
	hero.say("Bye!")

[+00:00:04 000]
	hero.faceTo(cblocals.DIRECTION_S)
	max.faceTo(cblocals.DIRECTION_N)
	hero.say("Excuse me again...")

[+00:00:03 000]
	max.shout("Yes!!!")
	max.say("Erh... yes...")
	max.say("How can I help you again?!?")

[+00:00:07 000]
	hero.say("Are you... you live here?")

[+00:00:02 000]
	hero.moveBasedOnNavPoint(time_passed, (20, 70), relative=True)

[+00:00:03 000]
	max.shout("What?")
	max.say("Erh... no...")
	max.say("It's a strange story but...")

[+00:00:06 000]
	max.say("I am...", additional_time=1)

[+00:00:05 000]
	hero.say("Yes...?")
	hero.moveBasedOnNavPoint(time_passed, (5, 25), relative=True)

[+00:00:05 000]
	max.say("I'm not a character of this game!")

[+00:00:06 000]
	hero.say("What?!?")

[+00:00:04 000]
	max.say("Yes... I'm a football player... from \"Sensible Soccer\" old school game!")
	max.say("Really!")
	max.say("I lost my way home...")

[+00:00:13 000]
	hero.say("Ok...")

[+00:00:04 000]
	hero.say("So... goodbye again")

[+00:00:04 000]
	max.shout("Bye!!!")
	max.moveBasedOnNavPoint(time_passed, (0, 200), relative=True)
	# now I move other characters back to level original starting point
	john.moveBasedOnNavPoint(time_passed, (400, 300))
	jack.moveBasedOnNavPoint(time_passed, (320, 210))
	roger.moveBasedOnNavPoint(time_passed, (250, 520))	

[+00:00:05 000]
	hero.faceTo(cblocals.DIRECTION_N)
	hero.say("Good...")
	max.kill(corpse=False)
	level.screenReferenceSprite = hero

[+00:00:05 000]
	hero.say("Let's do it")

[+00:00:03 000]
	pass
