# version: 2.0.0

# Intro for show the presence of The Boss when the hero enter the Western Cavallotti Riverside.

[00:00:00 000]
	hero.navPoint.reset()
	boss = level['The Boss']
	enemy = level['Phil']
	gate = level['Exit']
	gate.open()
	level.screenReferenceSprite = gate

[+00:00:04 500]
	gate.close()

[+00:00:02 000]
	level.screenReferenceSprite = boss

[+00:00:04 000]
	boss.say("He's... him")

[+00:00:02 000]
	boss.shout("Attack!!!")

[+00:00:01 000]
    enemy.real_brain.setState("exploring")
	enemy.navPoint.set(hero.position)
    enemy.brain_enabled=True
    enemy.speed = enemy.maxSpeed

[+00:00:00 400]
    boss.real_brain.setState("exploring")
	boss.navPoint.set(hero.position)
    boss.brain_enabled=True
    boss.speed = boss.maxSpeed
